
Microsoft Visual Studio Solution File, Format Version 12.00
# Visual Studio 15
VisualStudioVersion = 15.0.28307.271
MinimumVisualStudioVersion = 10.0.40219.1
Project("{FAE04EC0-301F-11D3-BF4B-00C04F79EFBC}") = "Hoteli.Playground", "Hoteli.Playground\Hoteli.Playground.csproj", "{DC938D4E-F9AA-4DA5-BC09-CA5FBFC2D880}"
EndProject
Global
	GlobalSection(SolutionConfigurationPlatforms) = preSolution
		Debug|Any CPU = Debug|Any CPU
		Release|Any CPU = Release|Any CPU
	EndGlobalSection
	GlobalSection(ProjectConfigurationPlatforms) = postSolution
		{DC938D4E-F9AA-4DA5-BC09-CA5FBFC2D880}.Debug|Any CPU.ActiveCfg = Debug|Any CPU
		{DC938D4E-F9AA-4DA5-BC09-CA5FBFC2D880}.Debug|Any CPU.Build.0 = Debug|Any CPU
		{DC938D4E-F9AA-4DA5-BC09-CA5FBFC2D880}.Release|Any CPU.ActiveCfg = Release|Any CPU
		{DC938D4E-F9AA-4DA5-BC09-CA5FBFC2D880}.Release|Any CPU.Build.0 = Release|Any CPU
	EndGlobalSection
	GlobalSection(SolutionProperties) = preSolution
		HideSolutionNode = FALSE
	EndGlobalSection
	GlobalSection(ExtensibilityGlobals) = postSolution
		SolutionGuid = {C6430504-50D4-42EF-A5EE-93C8D3AE33F0}
	EndGlobalSection
EndGlobal
